// !$*UTF8*$!
{
	archiveVersion = 1;
	classes = {
	};
	objectVersion = 50;
	objects = {

/* Begin PBXBuildFile section */
		8BA8159822AAB5A8002804F7 /* AppDelegate.swift in Sources */ = {isa = PBXBuildFile; fileRef = 8BA8159722AAB5A8002804F7 /* AppDelegate.swift */; };
		8BA8159A22AAB5A8002804F7 /* SceneDelegate.swift in Sources */ = {isa = PBXBuildFile; fileRef = 8BA8159922AAB5A8002804F7 /* SceneDelegate.swift */; };
		8BA8159C22AAB5A8002804F7 /* LandmarkList.swift in Sources */ = {isa = PBXBuildFile; fileRef = 8BA8159B22AAB5A8002804F7 /* LandmarkList.swift */; };
		8BA8159E22AAB5AA002804F7 /* Assets.xcassets in Resources */ = {isa = PBXBuildFile; fileRef = 8BA8159D22AAB5AA002804F7 /* Assets.xcassets */; };
		8BA815A122AAB5AA002804F7 /* Preview Assets.xcassets in Resources */ = {isa = PBXBuildFile; fileRef = 8BA815A022AAB5AA002804F7 /* Preview Assets.xcassets */; };
		8BA815A422AAB5AA002804F7 /* LaunchScreen.storyboard in Resources */ = {isa = PBXBuildFile; fileRef = 8BA815A222AAB5AA002804F7 /* LaunchScreen.storyboard */; };
		8BA815AC22AAB7C5002804F7 /* UserData.swift in Sources */ = {isa = PBXBuildFile; fileRef = 8BA815AB22AAB7C5002804F7 /* UserData.swift */; };
		8BA815AE22AAB817002804F7 /* Data.swift in Sources */ = {isa = PBXBuildFile; fileRef = 8BA815AD22AAB817002804F7 /* Data.swift */; };
		8BA815B022AAB834002804F7 /* Landmark.swift in Sources */ = {isa = PBXBuildFile; fileRef = 8BA815AF22AAB834002804F7 /* Landmark.swift */; };
		8BA815B222AAB84C002804F7 /* Hike.swift in Sources */ = {isa = PBXBuildFile; fileRef = 8BA815B122AAB84C002804F7 /* Hike.swift */; };
		8BA815B522AAB932002804F7 /* LandmarkDetail.swift in Sources */ = {isa = PBXBuildFile; fileRef = 8BA815B422AAB932002804F7 /* LandmarkDetail.swift */; };
		8BA815B722AAB940002804F7 /* LandmarkRow.swift in Sources */ = {isa = PBXBuildFile; fileRef = 8BA815B622AAB940002804F7 /* LandmarkRow.swift */; };
		8BA815B922AAB9DF002804F7 /* CircleImage.swift in Sources */ = {isa = PBXBuildFile; fileRef = 8BA815B822AAB9DF002804F7 /* CircleImage.swift */; };
		8BA815BB22AAB9FC002804F7 /* MapView.swift in Sources */ = {isa = PBXBuildFile; fileRef = 8BA815BA22AAB9FC002804F7 /* MapView.swift */; };
		8BA815CA22AABAF8002804F7 /* hikeData.json in Resources */ = {isa = PBXBuildFile; fileRef = 8BA815BC22AABAF6002804F7 /* hikeData.json */; };
		8BA815CB22AABAF8002804F7 /* stmarylake.jpg in Resources */ = {isa = PBXBuildFile; fileRef = 8BA815BD22AABAF6002804F7 /* stmarylake.jpg */; };
		8BA815CC22AABAF8002804F7 /* umbagog.jpg in Resources */ = {isa = PBXBuildFile; fileRef = 8BA815BE22AABAF6002804F7 /* umbagog.jpg */; };
		8BA815CD22AABAF8002804F7 /* landmarkData.json in Resources */ = {isa = PBXBuildFile; fileRef = 8BA815BF22AABAF7002804F7 /* landmarkData.json */; };
		8BA815CE22AABAF8002804F7 /* chilkoottrail.jpg in Resources */ = {isa = PBXBuildFile; fileRef = 8BA815C022AABAF7002804F7 /* chilkoottrail.jpg */; };
		8BA815CF22AABAF8002804F7 /* rainbowlake.jpg in Resources */ = {isa = PBXBuildFile; fileRef = 8BA815C122AABAF7002804F7 /* rainbowlake.jpg */; };
		8BA815D022AABAF8002804F7 /* lakemcdonald.jpg in Resources */ = {isa = PBXBuildFile; fileRef = 8BA815C222AABAF7002804F7 /* lakemcdonald.jpg */; };
		8BA815D122AABAF8002804F7 /* icybay.jpg in Resources */ = {isa = PBXBuildFile; fileRef = 8BA815C322AABAF7002804F7 /* icybay.jpg */; };
		8BA815D222AABAF8002804F7 /* silversalmoncreek.jpg in Resources */ = {isa = PBXBuildFile; fileRef = 8BA815C422AABAF7002804F7 /* silversalmoncreek.jpg */; };
		8BA815D322AABAF8002804F7 /* turtlerock.jpg in Resources */ = {isa = PBXBuildFile; fileRef = 8BA815C522AABAF7002804F7 /* turtlerock.jpg */; };
		8BA815D422AABAF8002804F7 /* chincoteague.jpg in Resources */ = {isa = PBXBuildFile; fileRef = 8BA815C622AABAF7002804F7 /* chincoteague.jpg */; };
		8BA815D522AABAF8002804F7 /* twinlake.jpg in Resources */ = {isa = PBXBuildFile; fileRef = 8BA815C722AABAF8002804F7 /* twinlake.jpg */; };
		8BA815D622AABAF8002804F7 /* hiddenlake.jpg in Resources */ = {isa = PBXBuildFile; fileRef = 8BA815C822AABAF8002804F7 /* hiddenlake.jpg */; };
		8BA815D722AABAF8002804F7 /* charleyrivers.jpg in Resources */ = {isa = PBXBuildFile; fileRef = 8BA815C922AABAF8002804F7 /* charleyrivers.jpg */; };
/* End PBXBuildFile section */

/* Begin PBXFileReference section */
		8BA8159422AAB5A8002804F7 /* SwiftUISample.app */ = {isa = PBXFileReference; explicitFileType = wrapper.application; includeInIndex = 0; path = SwiftUISample.app; sourceTree = BUILT_PRODUCTS_DIR; };
		8BA8159722AAB5A8002804F7 /* AppDelegate.swift */ = {isa = PBXFileReference; lastKnownFileType = sourcecode.swift; path = AppDelegate.swift; sourceTree = "<group>"; };
		8BA8159922AAB5A8002804F7 /* SceneDelegate.swift */ = {isa = PBXFileReference; lastKnownFileType = sourcecode.swift; path = SceneDelegate.swift; sourceTree = "<group>"; };
		8BA8159B22AAB5A8002804F7 /* LandmarkList.swift */ = {isa = PBXFileReference; lastKnownFileType = sourcecode.swift; path = LandmarkList.swift; sourceTree = "<group>"; };
		8BA8159D22AAB5AA002804F7 /* Assets.xcassets */ = {isa = PBXFileReference; lastKnownFileType = folder.assetcatalog; path = Assets.xcassets; sourceTree = "<group>"; };
		8BA815A022AAB5AA002804F7 /* Preview Assets.xcassets */ = {isa = PBXFileReference; lastKnownFileType = folder.assetcatalog; path = "Preview Assets.xcassets"; sourceTree = "<group>"; };
		8BA815A322AAB5AA002804F7 /* Base */ = {isa = PBXFileReference; lastKnownFileType = file.storyboard; name = Base; path = Base.lproj/LaunchScreen.storyboard; sourceTree = "<group>"; };
		8BA815A522AAB5AA002804F7 /* Info.plist */ = {isa = PBXFileReference; lastKnownFileType = text.plist.xml; path = Info.plist; sourceTree = "<group>"; };
		8BA815AB22AAB7C5002804F7 /* UserData.swift */ = {isa = PBXFileReference; lastKnownFileType = sourcecode.swift; path = UserData.swift; sourceTree = "<group>"; };
		8BA815AD22AAB817002804F7 /* Data.swift */ = {isa = PBXFileReference; lastKnownFileType = sourcecode.swift; path = Data.swift; sourceTree = "<group>"; };
		8BA815AF22AAB834002804F7 /* Landmark.swift */ = {isa = PBXFileReference; lastKnownFileType = sourcecode.swift; path = Landmark.swift; sourceTree = "<group>"; };
		8BA815B122AAB84C002804F7 /* Hike.swift */ = {isa = PBXFileReference; lastKnownFileType = sourcecode.swift; path = Hike.swift; sourceTree = "<group>"; };
		8BA815B422AAB932002804F7 /* LandmarkDetail.swift */ = {isa = PBXFileReference; lastKnownFileType = sourcecode.swift; path = LandmarkDetail.swift; sourceTree = "<group>"; };
		8BA815B622AAB940002804F7 /* LandmarkRow.swift */ = {isa = PBXFileReference; lastKnownFileType = sourcecode.swift; path = LandmarkRow.swift; sourceTree = "<group>"; };
		8BA815B822AAB9DF002804F7 /* CircleImage.swift */ = {isa = PBXFileReference; lastKnownFileType = sourcecode.swift; path = CircleImage.swift; sourceTree = "<group>"; };
		8BA815BA22AAB9FC002804F7 /* MapView.swift */ = {isa = PBXFileReference; lastKnownFileType = sourcecode.swift; path = MapView.swift; sourceTree = "<group>"; };
		8BA815BC22AABAF6002804F7 /* hikeData.json */ = {isa = PBXFileReference; fileEncoding = 4; lastKnownFileType = text.json; path = hikeData.json; sourceTree = "<group>"; };
		8BA815BD22AABAF6002804F7 /* stmarylake.jpg */ = {isa = PBXFileReference; lastKnownFileType = image.jpeg; path = stmarylake.jpg; sourceTree = "<group>"; };
		8BA815BE22AABAF6002804F7 /* umbagog.jpg */ = {isa = PBXFileReference; lastKnownFileType = image.jpeg; path = umbagog.jpg; sourceTree = "<group>"; };
		8BA815BF22AABAF7002804F7 /* landmarkData.json */ = {isa = PBXFileReference; fileEncoding = 4; lastKnownFileType = text.json; path = landmarkData.json; sourceTree = "<group>"; };
		8BA815C022AABAF7002804F7 /* chilkoottrail.jpg */ = {isa = PBXFileReference; lastKnownFileType = image.jpeg; path = chilkoottrail.jpg; sourceTree = "<group>"; };
		8BA815C122AABAF7002804F7 /* rainbowlake.jpg */ = {isa = PBXFileReference; lastKnownFileType = image.jpeg; path = rainbowlake.jpg; sourceTree = "<group>"; };
		8BA815C222AABAF7002804F7 /* lakemcdonald.jpg */ = {isa = PBXFileReference; lastKnownFileType = image.jpeg; path = lakemcdonald.jpg; sourceTree = "<group>"; };
		8BA815C322AABAF7002804F7 /* icybay.jpg */ = {isa = PBXFileReference; lastKnownFileType = image.jpeg; path = icybay.jpg; sourceTree = "<group>"; };
		8BA815C422AABAF7002804F7 /* silversalmoncreek.jpg */ = {isa = PBXFileReference; lastKnownFileType = image.jpeg; path = silversalmoncreek.jpg; sourceTree = "<group>"; };
		8BA815C522AABAF7002804F7 /* turtlerock.jpg */ = {isa = PBXFileReference; lastKnownFileType = image.jpeg; path = turtlerock.jpg; sourceTree = "<group>"; };
		8BA815C622AABAF7002804F7 /* chincoteague.jpg */ = {isa = PBXFileReference; lastKnownFileType = image.jpeg; path = chincoteague.jpg; sourceTree = "<group>"; };
		8BA815C722AABAF8002804F7 /* twinlake.jpg */ = {isa = PBXFileReference; lastKnownFileType = image.jpeg; path = twinlake.jpg; sourceTree = "<group>"; };
		8BA815C822AABAF8002804F7 /* hiddenlake.jpg */ = {isa = PBXFileReference; lastKnownFileType = image.jpeg; path = hiddenlake.jpg; sourceTree = "<group>"; };
		8BA815C922AABAF8002804F7 /* charleyrivers.jpg */ = {isa = PBXFileReference; lastKnownFileType = image.jpeg; path = charleyrivers.jpg; sourceTree = "<group>"; };
/* End PBXFileReference section */

/* Begin PBXFrameworksBuildPhase section */
		8BA8159122AAB5A8002804F7 /* Frameworks */ = {
			isa = PBXFrameworksBuildPhase;
			buildActionMask = 2147483647;
			files = (
			);
			runOnlyForDeploymentPostprocessing = 0;
		};
/* End PBXFrameworksBuildPhase section */

/* Begin PBXGroup section */
		8BA8158B22AAB5A8002804F7 = {
			isa = PBXGroup;
			children = (
				8BA8159622AAB5A8002804F7 /* SwiftUISample */,
				8BA8159522AAB5A8002804F7 /* Products */,
			);
			sourceTree = "<group>";
		};
		8BA8159522AAB5A8002804F7 /* Products */ = {
			isa = PBXGroup;
			children = (
				8BA8159422AAB5A8002804F7 /* SwiftUISample.app */,
			);
			name = Products;
			sourceTree = "<group>";
		};
		8BA8159622AAB5A8002804F7 /* SwiftUISample */ = {
			isa = PBXGroup;
			children = (
				8BA8159722AAB5A8002804F7 /* AppDelegate.swift */,
				8BA8159922AAB5A8002804F7 /* SceneDelegate.swift */,
				8BA815B322AAB88E002804F7 /* DataModel */,
				8BA815DA22AABBBD002804F7 /* View */,
				8BA815D822AABB1B002804F7 /* Resources */,
				8BA815D922AABB94002804F7 /* SupportingFile */,
				8BA8159F22AAB5AA002804F7 /* Preview Content */,
			);
			path = SwiftUISample;
			sourceTree = "<group>";
		};
		8BA8159F22AAB5AA002804F7 /* Preview Content */ = {
			isa = PBXGroup;
			children = (
				8BA815A022AAB5AA002804F7 /* Preview Assets.xcassets */,
			);
			path = "Preview Content";
			sourceTree = "<group>";
		};
		8BA815B322AAB88E002804F7 /* DataModel */ = {
			isa = PBXGroup;
			children = (
				8BA815AD22AAB817002804F7 /* Data.swift */,
				8BA815AF22AAB834002804F7 /* Landmark.swift */,
				8BA815B122AAB84C002804F7 /* Hike.swift */,
				8BA815AB22AAB7C5002804F7 /* UserData.swift */,
			);
			path = DataModel;
			sourceTree = "<group>";
		};
		8BA815D822AABB1B002804F7 /* Resources */ = {
			isa = PBXGroup;
			children = (
				8BA815C922AABAF8002804F7 /* charleyrivers.jpg */,
				8BA815C022AABAF7002804F7 /* chilkoottrail.jpg */,
				8BA815C622AABAF7002804F7 /* chincoteague.jpg */,
				8BA815C822AABAF8002804F7 /* hiddenlake.jpg */,
				8BA815BC22AABAF6002804F7 /* hikeData.json */,
				8BA815C322AABAF7002804F7 /* icybay.jpg */,
				8BA815C222AABAF7002804F7 /* lakemcdonald.jpg */,
				8BA815BF22AABAF7002804F7 /* landmarkData.json */,
				8BA815C122AABAF7002804F7 /* rainbowlake.jpg */,
				8BA815C422AABAF7002804F7 /* silversalmoncreek.jpg */,
				8BA815BD22AABAF6002804F7 /* stmarylake.jpg */,
				8BA815C522AABAF7002804F7 /* turtlerock.jpg */,
				8BA815C722AABAF8002804F7 /* twinlake.jpg */,
				8BA815BE22AABAF6002804F7 /* umbagog.jpg */,
			);
			path = Resources;
			sourceTree = "<group>";
		};
		8BA815D922AABB94002804F7 /* SupportingFile */ = {
			isa = PBXGroup;
			children = (
				8BA8159D22AAB5AA002804F7 /* Assets.xcassets */,
				8BA815A222AAB5AA002804F7 /* LaunchScreen.storyboard */,
				8BA815A522AAB5AA002804F7 /* Info.plist */,
			);
			path = SupportingFile;
			sourceTree = "<group>";
		};
		8BA815DA22AABBBD002804F7 /* View */ = {
			isa = PBXGroup;
			children = (
				8BA8159B22AAB5A8002804F7 /* LandmarkList.swift */,
				8BA815B622AAB940002804F7 /* LandmarkRow.swift */,
				8BA815B422AAB932002804F7 /* LandmarkDetail.swift */,
				8BA815B822AAB9DF002804F7 /* CircleImage.swift */,
				8BA815BA22AAB9FC002804F7 /* MapView.swift */,
			);
			path = View;
			sourceTree = "<group>";
		};
/* End PBXGroup section */

/* Begin PBXNativeTarget section */
		8BA8159322AAB5A8002804F7 /* SwiftUISample */ = {
			isa = PBXNativeTarget;
			buildConfigurationList = 8BA815A822AAB5AA002804F7 /* Build configuration list for PBXNativeTarget "SwiftUISample" */;
			buildPhases = (
				8BA8159022AAB5A8002804F7 /* Sources */,
				8BA8159122AAB5A8002804F7 /* Frameworks */,
				8BA8159222AAB5A8002804F7 /* Resources */,
			);
			buildRules = (
			);
			dependencies = (
			);
			name = SwiftUISample;
			productName = SwiftUISample;
			productReference = 8BA8159422AAB5A8002804F7 /* SwiftUISample.app */;
			productType = "com.apple.product-type.application";
		};
/* End PBXNativeTarget section */

/* Begin PBXProject section */
		8BA8158C22AAB5A8002804F7 /* Project object */ = {
			isa = PBXProject;
			attributes = {
				LastSwiftUpdateCheck = 1100;
				LastUpgradeCheck = 1100;
				ORGANIZATIONNAME = "Amir Daliri";
				TargetAttributes = {
					8BA8159322AAB5A8002804F7 = {
						CreatedOnToolsVersion = 11.0;
					};
				};
			};
			buildConfigurationList = 8BA8158F22AAB5A8002804F7 /* Build configuration list for PBXProject "SwiftUISample" */;
			compatibilityVersion = "Xcode 9.3";
			developmentRegion = en;
			hasScannedForEncodings = 0;
			knownRegions = (
				en,
				Base,
			);
			mainGroup = 8BA8158B22AAB5A8002804F7;
			productRefGroup = 8BA8159522AAB5A8002804F7 /* Products */;
			projectDirPath = "";
			projectRoot = "";
			targets = (
				8BA8159322AAB5A8002804F7 /* SwiftUISample */,
			);
		};
/* End PBXProject section */

/* Begin PBXResourcesBuildPhase section */
		8BA8159222AAB5A8002804F7 /* Resources */ = {
			isa = PBXResourcesBuildPhase;
			buildActionMask = 2147483647;
			files = (
				8BA815D322AABAF8002804F7 /* turtlerock.jpg in Resources */,
				8BA815CC22AABAF8002804F7 /* umbagog.jpg in Resources */,
				8BA815CE22AABAF8002804F7 /* chilkoottrail.jpg in Resources */,
				8BA815CA22AABAF8002804F7 /* hikeData.json in Resources */,
				8BA815CD22AABAF8002804F7 /* landmarkData.json in Resources */,
				8BA815D122AABAF8002804F7 /* icybay.jpg in Resources */,
				8BA815D622AABAF8002804F7 /* hiddenlake.jpg in Resources */,
				8BA815D722AABAF8002804F7 /* charleyrivers.jpg in Resources */,
				8BA815D522AABAF8002804F7 /* twinlake.jpg in Resources */,
				8BA815CB22AABAF8002804F7 /* stmarylake.jpg in Resources */,
				8BA815A422AAB5AA002804F7 /* LaunchScreen.storyboard in Resources */,
				8BA815D022AABAF8002804F7 /* lakemcdonald.jpg in Resources */,
				8BA815A122AAB5AA002804F7 /* Preview Assets.xcassets in Resources */,
				8BA815D422AABAF8002804F7 /* chincoteague.jpg in Resources */,
				8BA815D222AABAF8002804F7 /* silversalmoncreek.jpg in Resources */,
				8BA815CF22AABAF8002804F7 /* rainbowlake.jpg in Resources */,
				8BA8159E22AAB5AA002804F7 /* Assets.xcassets in Resources */,
			);
			runOnlyForDeploymentPostprocessing = 0;
		};
/* End PBXResourcesBuildPhase section */

/* Begin PBXSourcesBuildPhase section */
		8BA8159022AAB5A8002804F7 /* Sources */ = {
			isa = PBXSourcesBuildPhase;
			buildActionMask = 2147483647;
			files = (
				8BA8159822AAB5A8002804F7 /* AppDelegate.swift in Sources */,
				8BA815AE22AAB817002804F7 /* Data.swift in Sources */,
				8BA8159A22AAB5A8002804F7 /* SceneDelegate.swift in Sources */,
				8BA815BB22AAB9FC002804F7 /* MapView.swift in Sources */,
				8BA815B222AAB84C002804F7 /* Hike.swift in Sources */,
				8BA815B522AAB932002804F7 /* LandmarkDetail.swift in Sources */,
				8BA815AC22AAB7C5002804F7 /* UserData.swift in Sources */,
				8BA8159C22AAB5A8002804F7 /* LandmarkList.swift in Sources */,
				8BA815B022AAB834002804F7 /* Landmark.swift in Sources */,
				8BA815B722AAB940002804F7 /* LandmarkRow.swift in Sources */,
				8BA815B922AAB9DF002804F7 /* CircleImage.swift in Sources */,
			);
			runOnlyForDeploymentPostprocessing = 0;
		};
/* End PBXSourcesBuildPhase section */

/* Begin PBXVariantGroup section */
		8BA815A222AAB5AA002804F7 /* LaunchScreen.storyboard */ = {
			isa = PBXVariantGroup;
			children = (
				8BA815A322AAB5AA002804F7 /* Base */,
			);
			name = LaunchScreen.storyboard;
			sourceTree = "<group>";
		};
/* End PBXVariantGroup section */

/* Begin XCBuildConfiguration section */
		8BA815A622AAB5AA002804F7 /* Debug */ = {
			isa = XCBuildConfiguration;
			buildSettings = {
				ALWAYS_SEARCH_USER_PATHS = NO;
				CLANG_ANALYZER_NONNULL = YES;
				CLANG_ANALYZER_NUMBER_OBJECT_CONVERSION = YES_AGGRESSIVE;
				CLANG_CXX_LANGUAGE_STANDARD = "gnu++14";
				CLANG_CXX_LIBRARY = "libc++";
				CLANG_ENABLE_MODULES = YES;
				CLANG_ENABLE_OBJC_ARC = YES;
				CLANG_ENABLE_OBJC_WEAK = YES;
				CLANG_WARN_BLOCK_CAPTURE_AUTORELEASING = YES;
				CLANG_WARN_BOOL_CONVERSION = YES;
				CLANG_WARN_COMMA = YES;
				CLANG_WARN_CONSTANT_CONVERSION = YES;
				CLANG_WARN_DEPRECATED_OBJC_IMPLEMENTATIONS = YES;
				CLANG_WARN_DIRECT_OBJC_ISA_USAGE = YES_ERROR;
				CLANG_WARN_DOCUMENTATION_COMMENTS = YES;
				CLANG_WARN_EMPTY_BODY = YES;
				CLANG_WARN_ENUM_CONVERSION = YES;
				CLANG_WARN_INFINITE_RECURSION = YES;
				CLANG_WARN_INT_CONVERSION = YES;
				CLANG_WARN_NON_LITERAL_NULL_CONVERSION = YES;
				CLANG_WARN_OBJC_IMPLICIT_RETAIN_SELF = YES;
				CLANG_WARN_OBJC_LITERAL_CONVERSION = YES;
				CLANG_WARN_OBJC_ROOT_CLASS = YES_ERROR;
				CLANG_WARN_RANGE_LOOP_ANALYSIS = YES;
				CLANG_WARN_STRICT_PROTOTYPES = YES;
				CLANG_WARN_SUSPICIOUS_MOVE = YES;
				CLANG_WARN_UNGUARDED_AVAILABILITY = YES_AGGRESSIVE;
				CLANG_WARN_UNREACHABLE_CODE = YES;
				CLANG_WARN__DUPLICATE_METHOD_MATCH = YES;
				COPY_PHASE_STRIP = NO;
				DEBUG_INFORMATION_FORMAT = dwarf;
				ENABLE_STRICT_OBJC_MSGSEND = YES;
				ENABLE_TESTABILITY = YES;
				GCC_C_LANGUAGE_STANDARD = gnu11;
				GCC_DYNAMIC_NO_PIC = NO;
				GCC_NO_COMMON_BLOCKS = YES;
				GCC_OPTIMIZATION_LEVEL = 0;
				GCC_PREPROCESSOR_DEFINITIONS = (
					"DEBUG=1",
					"$(inherited)",
				);
				GCC_WARN_64_TO_32_BIT_CONVERSION = YES;
				GCC_WARN_ABOUT_RETURN_TYPE = YES_ERROR;
				GCC_WARN_UNDECLARED_SELECTOR = YES;
				GCC_WARN_UNINITIALIZED_AUTOS = YES_AGGRESSIVE;
				GCC_WARN_UNUSED_FUNCTION = YES;
				GCC_WARN_UNUSED_VARIABLE = YES;
				IPHONEOS_DEPLOYMENT_TARGET = 13.0;
				MTL_ENABLE_DEBUG_INFO = INCLUDE_SOURCE;
				MTL_FAST_MATH = YES;
				ONLY_ACTIVE_ARCH = YES;
				SDKROOT = iphoneos;
				SWIFT_ACTIVE_COMPILATION_CONDITIONS = DEBUG;
				SWIFT_OPTIMIZATION_LEVEL = "-Onone";
			};
			name = Debug;
		};
		8BA815A722AAB5AA002804F7 /* Release */ = {
			isa = XCBuildConfiguration;
			buildSettings = {
				ALWAYS_SEARCH_USER_PATHS = NO;
				CLANG_ANALYZER_NONNULL = YES;
				CLANG_ANALYZER_NUMBER_OBJECT_CONVERSION = YES_AGGRESSIVE;
				CLANG_CXX_LANGUAGE_STANDARD = "gnu++14";
				CLANG_CXX_LIBRARY = "libc++";
				CLANG_ENABLE_MODULES = YES;
				CLANG_ENABLE_OBJC_ARC = YES;
				CLANG_ENABLE_OBJC_WEAK = YES;
				CLANG_WARN_BLOCK_CAPTURE_AUTORELEASING = YES;
				CLANG_WARN_BOOL_CONVERSION = YES;
				CLANG_WARN_COMMA = YES;
				CLANG_WARN_CONSTANT_CONVERSION = YES;
				CLANG_WARN_DEPRECATED_OBJC_IMPLEMENTATIONS = YES;
				CLANG_WARN_DIRECT_OBJC_ISA_USAGE = YES_ERROR;
				CLANG_WARN_DOCUMENTATION_COMMENTS = YES;
				CLANG_WARN_EMPTY_BODY = YES;
				CLANG_WARN_ENUM_CONVERSION = YES;
				CLANG_WARN_INFINITE_RECURSION = YES;
				CLANG_WARN_INT_CONVERSION = YES;
				CLANG_WARN_NON_LITERAL_NULL_CONVERSION = YES;
				CLANG_WARN_OBJC_IMPLICIT_RETAIN_SELF = YES;
				CLANG_WARN_OBJC_LITERAL_CONVERSION = YES;
				CLANG_WARN_OBJC_ROOT_CLASS = YES_ERROR;
				CLANG_WARN_RANGE_LOOP_ANALYSIS = YES;
				CLANG_WARN_STRICT_PROTOTYPES = YES;
				CLANG_WARN_SUSPICIOUS_MOVE = YES;
				CLANG_WARN_UNGUARDED_AVAILABILITY = YES_AGGRESSIVE;
				CLANG_WARN_UNREACHABLE_CODE = YES;
				CLANG_WARN__DUPLICATE_METHOD_MATCH = YES;
				COPY_PHASE_STRIP = NO;
				DEBUG_INFORMATION_FORMAT = "dwarf-with-dsym";
				ENABLE_NS_ASSERTIONS = NO;
				ENABLE_STRICT_OBJC_MSGSEND = YES;
				GCC_C_LANGUAGE_STANDARD = gnu11;
				GCC_NO_COMMON_BLOCKS = YES;
				GCC_WARN_64_TO_32_BIT_CONVERSION = YES;
				GCC_WARN_ABOUT_RETURN_TYPE = YES_ERROR;
				GCC_WARN_UNDECLARED_SELECTOR = YES;
				GCC_WARN_UNINITIALIZED_AUTOS = YES_AGGRESSIVE;
				GCC_WARN_UNUSED_FUNCTION = YES;
				GCC_WARN_UNUSED_VARIABLE = YES;
				IPHONEOS_DEPLOYMENT_TARGET = 13.0;
				MTL_ENABLE_DEBUG_INFO = NO;
				MTL_FAST_MATH = YES;
				SDKROOT = iphoneos;
				SWIFT_COMPILATION_MODE = wholemodule;
				SWIFT_OPTIMIZATION_LEVEL = "-O";
				VALIDATE_PRODUCT = YES;
			};
			name = Release;
		};
		8BA815A922AAB5AA002804F7 /* Debug */ = {
			isa = XCBuildConfiguration;
			buildSettings = {
				ASSETCATALOG_COMPILER_APPICON_NAME = AppIcon;
				CODE_SIGN_STYLE = Automatic;
				DEVELOPMENT_ASSET_PATHS = "SwiftUISample/Preview\\ Content";
				ENABLE_PREVIEWS = YES;
				INFOPLIST_FILE = SwiftUISample/Info.plist;
				LD_RUNPATH_SEARCH_PATHS = (
					"$(inherited)",
					"@executable_path/Frameworks",
				);
				PRODUCT_BUNDLE_IDENTIFIER = com.ada.SwiftUISample;
				PRODUCT_NAME = "$(TARGET_NAME)";
				SWIFT_VERSION = 5.0;
				TARGETED_DEVICE_FAMILY = "1,2";
			};
			name = Debug;
		};
		8BA815AA22AAB5AA002804F7 /* Release */ = {
			isa = XCBuildConfiguration;
			buildSettings = {
				ASSETCATALOG_COMPILER_APPICON_NAME = AppIcon;
				CODE_SIGN_STYLE = Automatic;
				DEVELOPMENT_ASSET_PATHS = "SwiftUISample/Preview\\ Content";
				ENABLE_PREVIEWS = YES;
				INFOPLIST_FILE = SwiftUISample/Info.plist;
				LD_RUNPATH_SEARCH_PATHS = (
					"$(inherited)",
					"@executable_path/Frameworks",
				);
				PRODUCT_BUNDLE_IDENTIFIER = com.ada.SwiftUISample;
				PRODUCT_NAME = "$(TARGET_NAME)";
				SWIFT_VERSION = 5.0;
				TARGETED_DEVICE_FAMILY = "1,2";
			};
			name = Release;
		};
/* End XCBuildConfiguration section */

/* Begin XCConfigurationList section */
		8BA8158F22AAB5A8002804F7 /* Build configuration list for PBXProject "SwiftUISample" */ = {
			isa = XCConfigurationList;
			buildConfigurations = (
				8BA815A622AAB5AA002804F7 /* Debug */,
				8BA815A722AAB5AA002804F7 /* Release */,
			);
			defaultConfigurationIsVisible = 0;
			defaultConfigurationName = Release;
		};
		8BA815A822AAB5AA002804F7 /* Build configuration list for PBXNativeTarget "SwiftUISample" */ = {
			isa = XCConfigurationList;
			buildConfigurations = (
				8BA815A922AAB5AA002804F7 /* Debug */,
				8BA815AA22AAB5AA002804F7 /* Release */,
			);
			defaultConfigurationIsVisible = 0;
			defaultConfigurationName = Release;
		};
/* End XCConfigurationList section */
	};
	rootObject = 8BA8158C22AAB5A8002804F7 /* Project object */;
}
